
Microsoft Visual Studio Solution File, Format Version 12.00
# Visual Studio Version 17
VisualStudioVersion = 17.14.36109.1 d17.14
MinimumVisualStudioVersion = 10.0.40219.1
Project("{FAE04EC0-301F-11D3-BF4B-00C04F79EFBC}") = "AMTIS", "AMTIS\AMTIS.csproj", "{5F121D12-5FDA-42D2-B7FB-07399FB2DDEE}"
EndProject
Global
	GlobalSection(SolutionConfigurationPlatforms) = preSolution
		Debug|Any CPU = Debug|Any CPU
		Release|Any CPU = Release|Any CPU
	EndGlobalSection
	GlobalSection(ProjectConfigurationPlatforms) = postSolution
		{5F121D12-5FDA-42D2-B7FB-07399FB2DDEE}.Debug|Any CPU.ActiveCfg = Debug|Any CPU
		{5F121D12-5FDA-42D2-B7FB-07399FB2DDEE}.Debug|Any CPU.Build.0 = Debug|Any CPU
		{5F121D12-5FDA-42D2-B7FB-07399FB2DDEE}.Release|Any CPU.ActiveCfg = Release|Any CPU
		{5F121D12-5FDA-42D2-B7FB-07399FB2DDEE}.Release|Any CPU.Build.0 = Release|Any CPU
	EndGlobalSection
	GlobalSection(SolutionProperties) = preSolution
		HideSolutionNode = FALSE
	EndGlobalSection
	GlobalSection(ExtensibilityGlobals) = postSolution
		SolutionGuid = {9C6CBBED-1A6A-41D1-92F3-09EF1B9DBD2F}
	EndGlobalSection
EndGlobal
